
Microsoft Visual Studio Solution File, Format Version 12.00
# Visual Studio Version 17
VisualStudioVersion = 17.7.34003.232
MinimumVisualStudioVersion = 10.0.40219.1
Project("{FAE04EC0-301F-11D3-BF4B-00C04F79EFBC}") = "VSCode", "VSCode\VSCode.csproj", "{7F84EC87-EAAE-4EA1-A32B-7288F8694766}"
EndProject
Global
	GlobalSection(SolutionConfigurationPlatforms) = preSolution
		Debug|Any CPU = Debug|Any CPU
		Release|Any CPU = Release|Any CPU
	EndGlobalSection
	GlobalSection(ProjectConfigurationPlatforms) = postSolution
		{7F84EC87-EAAE-4EA1-A32B-7288F8694766}.Debug|Any CPU.ActiveCfg = Debug|Any CPU
		{7F84EC87-EAAE-4EA1-A32B-7288F8694766}.Debug|Any CPU.Build.0 = Debug|Any CPU
		{7F84EC87-EAAE-4EA1-A32B-7288F8694766}.Release|Any CPU.ActiveCfg = Release|Any CPU
		{7F84EC87-EAAE-4EA1-A32B-7288F8694766}.Release|Any CPU.Build.0 = Release|Any CPU
	EndGlobalSection
	GlobalSection(SolutionProperties) = preSolution
		HideSolutionNode = FALSE
	EndGlobalSection
	GlobalSection(ExtensibilityGlobals) = postSolution
		SolutionGuid = {EA3F0520-D9C1-4E0F-96FE-15517D12472F}
	EndGlobalSection
EndGlobal
